
Microsoft Visual Studio Solution File, Format Version 12.00
# Visual Studio Version 16
VisualStudioVersion = 16.0.31205.134
MinimumVisualStudioVersion = 10.0.40219.1
Project("{FAE04EC0-301F-11D3-BF4B-00C04F79EFBC}") = "QualExam", "QualExam\QualExam.csproj", "{11193168-C0B0-4210-89F3-5B72DFE4BE55}"
EndProject
Global
	GlobalSection(SolutionConfigurationPlatforms) = preSolution
		Debug|Any CPU = Debug|Any CPU
		Release|Any CPU = Release|Any CPU
	EndGlobalSection
	GlobalSection(ProjectConfigurationPlatforms) = postSolution
		{11193168-C0B0-4210-89F3-5B72DFE4BE55}.Debug|Any CPU.ActiveCfg = Debug|Any CPU
		{11193168-C0B0-4210-89F3-5B72DFE4BE55}.Debug|Any CPU.Build.0 = Debug|Any CPU
		{11193168-C0B0-4210-89F3-5B72DFE4BE55}.Release|Any CPU.ActiveCfg = Release|Any CPU
		{11193168-C0B0-4210-89F3-5B72DFE4BE55}.Release|Any CPU.Build.0 = Release|Any CPU
	EndGlobalSection
	GlobalSection(SolutionProperties) = preSolution
		HideSolutionNode = FALSE
	EndGlobalSection
	GlobalSection(ExtensibilityGlobals) = postSolution
		SolutionGuid = {96563C0F-4AC3-4527-AF3A-D8882762341F}
	EndGlobalSection
EndGlobal
